
Microsoft Visual Studio Solution File, Format Version 12.00
# Visual Studio Version 16
VisualStudioVersion = 16.0.30413.136
MinimumVisualStudioVersion = 10.0.40219.1
Project("{6EC3EE1D-3C4E-46DD-8F32-0CC8E7565705}") = "Accumulate", "Accumulate.fsproj", "{6992838A-921B-4A0D-AF99-66425AB3D812}"
EndProject
Global
	GlobalSection(SolutionConfigurationPlatforms) = preSolution
		Debug|Any CPU = Debug|Any CPU
		Release|Any CPU = Release|Any CPU
	EndGlobalSection
	GlobalSection(ProjectConfigurationPlatforms) = postSolution
		{6992838A-921B-4A0D-AF99-66425AB3D812}.Debug|Any CPU.ActiveCfg = Debug|Any CPU
		{6992838A-921B-4A0D-AF99-66425AB3D812}.Debug|Any CPU.Build.0 = Debug|Any CPU
		{6992838A-921B-4A0D-AF99-66425AB3D812}.Release|Any CPU.ActiveCfg = Release|Any CPU
		{6992838A-921B-4A0D-AF99-66425AB3D812}.Release|Any CPU.Build.0 = Release|Any CPU
	EndGlobalSection
	GlobalSection(SolutionProperties) = preSolution
		HideSolutionNode = FALSE
	EndGlobalSection
	GlobalSection(ExtensibilityGlobals) = postSolution
		SolutionGuid = {D566A232-CB8B-4A96-9776-F697203A1C81}
	EndGlobalSection
EndGlobal
