
Microsoft Visual Studio Solution File, Format Version 12.00
# Visual Studio Version 16
VisualStudioVersion = 16.0.30413.136
MinimumVisualStudioVersion = 10.0.40219.1
Project("{6EC3EE1D-3C4E-46DD-8F32-0CC8E7565705}") = "BinarySearchTree", "BinarySearchTree.fsproj", "{B09AC898-3385-4906-8893-72085EAE9211}"
EndProject
Global
	GlobalSection(SolutionConfigurationPlatforms) = preSolution
		Debug|Any CPU = Debug|Any CPU
		Release|Any CPU = Release|Any CPU
	EndGlobalSection
	GlobalSection(ProjectConfigurationPlatforms) = postSolution
		{B09AC898-3385-4906-8893-72085EAE9211}.Debug|Any CPU.ActiveCfg = Debug|Any CPU
		{B09AC898-3385-4906-8893-72085EAE9211}.Debug|Any CPU.Build.0 = Debug|Any CPU
		{B09AC898-3385-4906-8893-72085EAE9211}.Release|Any CPU.ActiveCfg = Release|Any CPU
		{B09AC898-3385-4906-8893-72085EAE9211}.Release|Any CPU.Build.0 = Release|Any CPU
	EndGlobalSection
	GlobalSection(SolutionProperties) = preSolution
		HideSolutionNode = FALSE
	EndGlobalSection
	GlobalSection(ExtensibilityGlobals) = postSolution
		SolutionGuid = {F8C9F3BC-2625-4CCB-A1AB-325E5E7BFF5D}
	EndGlobalSection
EndGlobal
